// !$*UTF8*$!
{
	archiveVersion = 1;
	classes = {
	};
	objectVersion = 77;
	objects = {

/* Begin PBXBuildFile section */
		4B9CA5802CF4E7B2000556CB /* Preview Assets.xcassets in Resources */ = {isa = PBXBuildFile; fileRef = 4B9CA5792CF4E7B2000556CB /* Preview Assets.xcassets */; };
		4B9CA5812CF4E7B2000556CB /* Assets.xcassets in Resources */ = {isa = PBXBuildFile; fileRef = 4B9CA57B2CF4E7B2000556CB /* Assets.xcassets */; };
		4B9CA5822CF4E7B2000556CB /* CardView.swift in Sources */ = {isa = PBXBuildFile; fileRef = 4B9CA57C2CF4E7B2000556CB /* CardView.swift */; };
		4B9CA5842CF4E7B2000556CB /* HikeApp.swift in Sources */ = {isa = PBXBuildFile; fileRef = 4B9CA57E2CF4E7B2000556CB /* HikeApp.swift */; };
		4B9CA5872CF4E7E8000556CB /* CustomBackgroundView.swift in Sources */ = {isa = PBXBuildFile; fileRef = 4B9CA5862CF4E7E8000556CB /* CustomBackgroundView.swift */; };
		4B9CA58A2CF4E940000556CB /* ColorExtension.swift in Sources */ = {isa = PBXBuildFile; fileRef = 4B9CA5892CF4E940000556CB /* ColorExtension.swift */; };
		4B9CA58C2CF4F3A1000556CB /* CustomButtonView.swift in Sources */ = {isa = PBXBuildFile; fileRef = 4B9CA58B2CF4F3A1000556CB /* CustomButtonView.swift */; };
		4B9CA58E2CF61FF7000556CB /* GradientButtonStyle.swift in Sources */ = {isa = PBXBuildFile; fileRef = 4B9CA58D2CF61FF7000556CB /* GradientButtonStyle.swift */; };
		4BFD300C2CF8CB110051BFED /* CustomCircleView.swift in Sources */ = {isa = PBXBuildFile; fileRef = 4BFD300B2CF8CB110051BFED /* CustomCircleView.swift */; };
		4BFD300E2CF8CCAA0051BFED /* MotionAnimationView.swift in Sources */ = {isa = PBXBuildFile; fileRef = 4BFD300D2CF8CCAA0051BFED /* MotionAnimationView.swift */; };
/* End PBXBuildFile section */

/* Begin PBXFileReference section */
		4B9CA5792CF4E7B2000556CB /* Preview Assets.xcassets */ = {isa = PBXFileReference; lastKnownFileType = folder.assetcatalog; path = "Preview Assets.xcassets"; sourceTree = "<group>"; };
		4B9CA57B2CF4E7B2000556CB /* Assets.xcassets */ = {isa = PBXFileReference; lastKnownFileType = folder.assetcatalog; path = Assets.xcassets; sourceTree = "<group>"; };
		4B9CA57C2CF4E7B2000556CB /* CardView.swift */ = {isa = PBXFileReference; lastKnownFileType = sourcecode.swift; path = CardView.swift; sourceTree = "<group>"; };
		4B9CA57E2CF4E7B2000556CB /* HikeApp.swift */ = {isa = PBXFileReference; lastKnownFileType = sourcecode.swift; path = HikeApp.swift; sourceTree = "<group>"; };
		4B9CA5862CF4E7E8000556CB /* CustomBackgroundView.swift */ = {isa = PBXFileReference; lastKnownFileType = sourcecode.swift; path = CustomBackgroundView.swift; sourceTree = "<group>"; };
		4B9CA5892CF4E940000556CB /* ColorExtension.swift */ = {isa = PBXFileReference; lastKnownFileType = sourcecode.swift; path = ColorExtension.swift; sourceTree = "<group>"; };
		4B9CA58B2CF4F3A1000556CB /* CustomButtonView.swift */ = {isa = PBXFileReference; lastKnownFileType = sourcecode.swift; path = CustomButtonView.swift; sourceTree = "<group>"; };
		4B9CA58D2CF61FF7000556CB /* GradientButtonStyle.swift */ = {isa = PBXFileReference; lastKnownFileType = sourcecode.swift; path = GradientButtonStyle.swift; sourceTree = "<group>"; };
		4BB6922F2CF4E1D000F9FBE1 /* Hike.app */ = {isa = PBXFileReference; explicitFileType = wrapper.application; includeInIndex = 0; path = Hike.app; sourceTree = BUILT_PRODUCTS_DIR; };
		4BFD300B2CF8CB110051BFED /* CustomCircleView.swift */ = {isa = PBXFileReference; lastKnownFileType = sourcecode.swift; path = CustomCircleView.swift; sourceTree = "<group>"; };
		4BFD300D2CF8CCAA0051BFED /* MotionAnimationView.swift */ = {isa = PBXFileReference; lastKnownFileType = sourcecode.swift; path = MotionAnimationView.swift; sourceTree = "<group>"; };
/* End PBXFileReference section */

/* Begin PBXFileSystemSynchronizedRootGroup section */
		4BFD300F2CF8D56E0051BFED /* Screen */ = {
			isa = PBXFileSystemSynchronizedRootGroup;
			path = Screen;
			sourceTree = "<group>";
		};
/* End PBXFileSystemSynchronizedRootGroup section */

/* Begin PBXFrameworksBuildPhase section */
		4BB6922C2CF4E1D000F9FBE1 /* Frameworks */ = {
			isa = PBXFrameworksBuildPhase;
			buildActionMask = 2147483647;
			files = (
			);
			runOnlyForDeploymentPostprocessing = 0;
		};
/* End PBXFrameworksBuildPhase section */

/* Begin PBXGroup section */
		4B9CA5782CF4E7B2000556CB /* New Folder */ = {
			isa = PBXGroup;
			children = (
			);
			path = "New Folder";
			sourceTree = "<group>";
		};
		4B9CA57A2CF4E7B2000556CB /* Preview Content */ = {
			isa = PBXGroup;
			children = (
				4B9CA5792CF4E7B2000556CB /* Preview Assets.xcassets */,
			);
			path = "Preview Content";
			sourceTree = "<group>";
		};
		4B9CA57F2CF4E7B2000556CB /* Hike */ = {
			isa = PBXGroup;
			children = (
				4B9CA5882CF4E92D000556CB /* Utility */,
				4B9CA5782CF4E7B2000556CB /* New Folder */,
				4B9CA57A2CF4E7B2000556CB /* Preview Content */,
				4B9CA57B2CF4E7B2000556CB /* Assets.xcassets */,
				4B9CA5852CF4E7BD000556CB /* Component */,
				4BFD300F2CF8D56E0051BFED /* Screen */,
				4B9CA57E2CF4E7B2000556CB /* HikeApp.swift */,
			);
			path = Hike;
			sourceTree = "<group>";
		};
		4B9CA5852CF4E7BD000556CB /* Component */ = {
			isa = PBXGroup;
			children = (
				4B9CA57C2CF4E7B2000556CB /* CardView.swift */,
				4B9CA5862CF4E7E8000556CB /* CustomBackgroundView.swift */,
				4B9CA58B2CF4F3A1000556CB /* CustomButtonView.swift */,
				4BFD300B2CF8CB110051BFED /* CustomCircleView.swift */,
				4BFD300D2CF8CCAA0051BFED /* MotionAnimationView.swift */,
			);
			path = Component;
			sourceTree = "<group>";
		};
		4B9CA5882CF4E92D000556CB /* Utility */ = {
			isa = PBXGroup;
			children = (
				4B9CA5892CF4E940000556CB /* ColorExtension.swift */,
				4B9CA58D2CF61FF7000556CB /* GradientButtonStyle.swift */,
			);
			path = Utility;
			sourceTree = "<group>";
		};
		4BB692262CF4E1D000F9FBE1 = {
			isa = PBXGroup;
			children = (
				4B9CA57F2CF4E7B2000556CB /* Hike */,
				4BB692302CF4E1D000F9FBE1 /* Products */,
			);
			sourceTree = "<group>";
		};
		4BB692302CF4E1D000F9FBE1 /* Products */ = {
			isa = PBXGroup;
			children = (
				4BB6922F2CF4E1D000F9FBE1 /* Hike.app */,
			);
			name = Products;
			sourceTree = "<group>";
		};
/* End PBXGroup section */

/* Begin PBXNativeTarget section */
		4BB6922E2CF4E1D000F9FBE1 /* Hike */ = {
			isa = PBXNativeTarget;
			buildConfigurationList = 4BB6923D2CF4E1D200F9FBE1 /* Build configuration list for PBXNativeTarget "Hike" */;
			buildPhases = (
				4BB6922B2CF4E1D000F9FBE1 /* Sources */,
				4BB6922C2CF4E1D000F9FBE1 /* Frameworks */,
				4BB6922D2CF4E1D000F9FBE1 /* Resources */,
			);
			buildRules = (
			);
			dependencies = (
			);
			fileSystemSynchronizedGroups = (
				4BFD300F2CF8D56E0051BFED /* Screen */,
			);
			name = Hike;
			packageProductDependencies = (
			);
			productName = Hike;
			productReference = 4BB6922F2CF4E1D000F9FBE1 /* Hike.app */;
			productType = "com.apple.product-type.application";
		};
/* End PBXNativeTarget section */

/* Begin PBXProject section */
		4BB692272CF4E1D000F9FBE1 /* Project object */ = {
			isa = PBXProject;
			attributes = {
				BuildIndependentTargetsInParallel = 1;
				LastSwiftUpdateCheck = 1610;
				LastUpgradeCheck = 1610;
				TargetAttributes = {
					4BB6922E2CF4E1D000F9FBE1 = {
						CreatedOnToolsVersion = 16.1;
					};
				};
			};
			buildConfigurationList = 4BB6922A2CF4E1D000F9FBE1 /* Build configuration list for PBXProject "Hike" */;
			developmentRegion = en;
			hasScannedForEncodings = 0;
			knownRegions = (
				en,
				Base,
			);
			mainGroup = 4BB692262CF4E1D000F9FBE1;
			minimizedProjectReferenceProxies = 1;
			preferredProjectObjectVersion = 77;
			productRefGroup = 4BB692302CF4E1D000F9FBE1 /* Products */;
			projectDirPath = "";
			projectRoot = "";
			targets = (
				4BB6922E2CF4E1D000F9FBE1 /* Hike */,
			);
		};
/* End PBXProject section */

/* Begin PBXResourcesBuildPhase section */
		4BB6922D2CF4E1D000F9FBE1 /* Resources */ = {
			isa = PBXResourcesBuildPhase;
			buildActionMask = 2147483647;
			files = (
				4B9CA5802CF4E7B2000556CB /* Preview Assets.xcassets in Resources */,
				4B9CA5812CF4E7B2000556CB /* Assets.xcassets in Resources */,
			);
			runOnlyForDeploymentPostprocessing = 0;
		};
/* End PBXResourcesBuildPhase section */

/* Begin PBXSourcesBuildPhase section */
		4BB6922B2CF4E1D000F9FBE1 /* Sources */ = {
			isa = PBXSourcesBuildPhase;
			buildActionMask = 2147483647;
			files = (
				4B9CA5822CF4E7B2000556CB /* CardView.swift in Sources */,
				4BFD300C2CF8CB110051BFED /* CustomCircleView.swift in Sources */,
				4B9CA5842CF4E7B2000556CB /* HikeApp.swift in Sources */,
				4B9CA58C2CF4F3A1000556CB /* CustomButtonView.swift in Sources */,
				4B9CA58E2CF61FF7000556CB /* GradientButtonStyle.swift in Sources */,
				4BFD300E2CF8CCAA0051BFED /* MotionAnimationView.swift in Sources */,
				4B9CA5872CF4E7E8000556CB /* CustomBackgroundView.swift in Sources */,
				4B9CA58A2CF4E940000556CB /* ColorExtension.swift in Sources */,
			);
			runOnlyForDeploymentPostprocessing = 0;
		};
/* End PBXSourcesBuildPhase section */

/* Begin XCBuildConfiguration section */
		4BB6923B2CF4E1D200F9FBE1 /* Debug */ = {
			isa = XCBuildConfiguration;
			buildSettings = {
				ALWAYS_SEARCH_USER_PATHS = NO;
				ASSETCATALOG_COMPILER_GENERATE_SWIFT_ASSET_SYMBOL_EXTENSIONS = YES;
				CLANG_ANALYZER_NONNULL = YES;
				CLANG_ANALYZER_NUMBER_OBJECT_CONVERSION = YES_AGGRESSIVE;
				CLANG_CXX_LANGUAGE_STANDARD = "gnu++20";
				CLANG_ENABLE_MODULES = YES;
				CLANG_ENABLE_OBJC_ARC = YES;
				CLANG_ENABLE_OBJC_WEAK = YES;
				CLANG_WARN_BLOCK_CAPTURE_AUTORELEASING = YES;
				CLANG_WARN_BOOL_CONVERSION = YES;
				CLANG_WARN_COMMA = YES;
				CLANG_WARN_CONSTANT_CONVERSION = YES;
				CLANG_WARN_DEPRECATED_OBJC_IMPLEMENTATIONS = YES;
				CLANG_WARN_DIRECT_OBJC_ISA_USAGE = YES_ERROR;
				CLANG_WARN_DOCUMENTATION_COMMENTS = YES;
				CLANG_WARN_EMPTY_BODY = YES;
				CLANG_WARN_ENUM_CONVERSION = YES;
				CLANG_WARN_INFINITE_RECURSION = YES;
				CLANG_WARN_INT_CONVERSION = YES;
				CLANG_WARN_NON_LITERAL_NULL_CONVERSION = YES;
				CLANG_WARN_OBJC_IMPLICIT_RETAIN_SELF = YES;
				CLANG_WARN_OBJC_LITERAL_CONVERSION = YES;
				CLANG_WARN_OBJC_ROOT_CLASS = YES_ERROR;
				CLANG_WARN_QUOTED_INCLUDE_IN_FRAMEWORK_HEADER = YES;
				CLANG_WARN_RANGE_LOOP_ANALYSIS = YES;
				CLANG_WARN_STRICT_PROTOTYPES = YES;
				CLANG_WARN_SUSPICIOUS_MOVE = YES;
				CLANG_WARN_UNGUARDED_AVAILABILITY = YES_AGGRESSIVE;
				CLANG_WARN_UNREACHABLE_CODE = YES;
				CLANG_WARN__DUPLICATE_METHOD_MATCH = YES;
				COPY_PHASE_STRIP = NO;
				DEBUG_INFORMATION_FORMAT = dwarf;
				ENABLE_STRICT_OBJC_MSGSEND = YES;
				ENABLE_TESTABILITY = YES;
				ENABLE_USER_SCRIPT_SANDBOXING = YES;
				GCC_C_LANGUAGE_STANDARD = gnu17;
				GCC_DYNAMIC_NO_PIC = NO;
				GCC_NO_COMMON_BLOCKS = YES;
				GCC_OPTIMIZATION_LEVEL = 0;
				GCC_PREPROCESSOR_DEFINITIONS = (
					"DEBUG=1",
					"$(inherited)",
				);
				GCC_WARN_64_TO_32_BIT_CONVERSION = YES;
				GCC_WARN_ABOUT_RETURN_TYPE = YES_ERROR;
				GCC_WARN_UNDECLARED_SELECTOR = YES;
				GCC_WARN_UNINITIALIZED_AUTOS = YES_AGGRESSIVE;
				GCC_WARN_UNUSED_FUNCTION = YES;
				GCC_WARN_UNUSED_VARIABLE = YES;
				IPHONEOS_DEPLOYMENT_TARGET = 18.1;
				LOCALIZATION_PREFERS_STRING_CATALOGS = YES;
				MTL_ENABLE_DEBUG_INFO = INCLUDE_SOURCE;
				MTL_FAST_MATH = YES;
				ONLY_ACTIVE_ARCH = YES;
				SDKROOT = iphoneos;
				SWIFT_ACTIVE_COMPILATION_CONDITIONS = "DEBUG $(inherited)";
				SWIFT_OPTIMIZATION_LEVEL = "-Onone";
			};
			name = Debug;
		};
		4BB6923C2CF4E1D200F9FBE1 /* Release */ = {
			isa = XCBuildConfiguration;
			buildSettings = {
				ALWAYS_SEARCH_USER_PATHS = NO;
				ASSETCATALOG_COMPILER_GENERATE_SWIFT_ASSET_SYMBOL_EXTENSIONS = YES;
				CLANG_ANALYZER_NONNULL = YES;
				CLANG_ANALYZER_NUMBER_OBJECT_CONVERSION = YES_AGGRESSIVE;
				CLANG_CXX_LANGUAGE_STANDARD = "gnu++20";
				CLANG_ENABLE_MODULES = YES;
				CLANG_ENABLE_OBJC_ARC = YES;
				CLANG_ENABLE_OBJC_WEAK = YES;
				CLANG_WARN_BLOCK_CAPTURE_AUTORELEASING = YES;
				CLANG_WARN_BOOL_CONVERSION = YES;
				CLANG_WARN_COMMA = YES;
				CLANG_WARN_CONSTANT_CONVERSION = YES;
				CLANG_WARN_DEPRECATED_OBJC_IMPLEMENTATIONS = YES;
				CLANG_WARN_DIRECT_OBJC_ISA_USAGE = YES_ERROR;
				CLANG_WARN_DOCUMENTATION_COMMENTS = YES;
				CLANG_WARN_EMPTY_BODY = YES;
				CLANG_WARN_ENUM_CONVERSION = YES;
				CLANG_WARN_INFINITE_RECURSION = YES;
				CLANG_WARN_INT_CONVERSION = YES;
				CLANG_WARN_NON_LITERAL_NULL_CONVERSION = YES;
				CLANG_WARN_OBJC_IMPLICIT_RETAIN_SELF = YES;
				CLANG_WARN_OBJC_LITERAL_CONVERSION = YES;
				CLANG_WARN_OBJC_ROOT_CLASS = YES_ERROR;
				CLANG_WARN_QUOTED_INCLUDE_IN_FRAMEWORK_HEADER = YES;
				CLANG_WARN_RANGE_LOOP_ANALYSIS = YES;
				CLANG_WARN_STRICT_PROTOTYPES = YES;
				CLANG_WARN_SUSPICIOUS_MOVE = YES;
				CLANG_WARN_UNGUARDED_AVAILABILITY = YES_AGGRESSIVE;
				CLANG_WARN_UNREACHABLE_CODE = YES;
				CLANG_WARN__DUPLICATE_METHOD_MATCH = YES;
				COPY_PHASE_STRIP = NO;
				DEBUG_INFORMATION_FORMAT = "dwarf-with-dsym";
				ENABLE_NS_ASSERTIONS = NO;
				ENABLE_STRICT_OBJC_MSGSEND = YES;
				ENABLE_USER_SCRIPT_SANDBOXING = YES;
				GCC_C_LANGUAGE_STANDARD = gnu17;
				GCC_NO_COMMON_BLOCKS = YES;
				GCC_WARN_64_TO_32_BIT_CONVERSION = YES;
				GCC_WARN_ABOUT_RETURN_TYPE = YES_ERROR;
				GCC_WARN_UNDECLARED_SELECTOR = YES;
				GCC_WARN_UNINITIALIZED_AUTOS = YES_AGGRESSIVE;
				GCC_WARN_UNUSED_FUNCTION = YES;
				GCC_WARN_UNUSED_VARIABLE = YES;
				IPHONEOS_DEPLOYMENT_TARGET = 18.1;
				LOCALIZATION_PREFERS_STRING_CATALOGS = YES;
				MTL_ENABLE_DEBUG_INFO = NO;
				MTL_FAST_MATH = YES;
				SDKROOT = iphoneos;
				SWIFT_COMPILATION_MODE = wholemodule;
				VALIDATE_PRODUCT = YES;
			};
			name = Release;
		};
		4BB6923E2CF4E1D200F9FBE1 /* Debug */ = {
			isa = XCBuildConfiguration;
			buildSettings = {
				ASSETCATALOG_COMPILER_APPICON_NAME = AppIcon;
				ASSETCATALOG_COMPILER_GLOBAL_ACCENT_COLOR_NAME = AccentColor;
				CODE_SIGN_STYLE = Automatic;
				CURRENT_PROJECT_VERSION = 1;
				DEVELOPMENT_ASSET_PATHS = "\"Hike/Preview Content\"";
				DEVELOPMENT_TEAM = QT3T249ZHN;
				ENABLE_PREVIEWS = YES;
				GENERATE_INFOPLIST_FILE = YES;
				INFOPLIST_KEY_UIApplicationSceneManifest_Generation = YES;
				INFOPLIST_KEY_UIApplicationSupportsIndirectInputEvents = YES;
				INFOPLIST_KEY_UILaunchScreen_Generation = YES;
				INFOPLIST_KEY_UISupportedInterfaceOrientations_iPad = "UIInterfaceOrientationPortrait UIInterfaceOrientationPortraitUpsideDown UIInterfaceOrientationLandscapeLeft UIInterfaceOrientationLandscapeRight";
				INFOPLIST_KEY_UISupportedInterfaceOrientations_iPhone = "UIInterfaceOrientationPortrait UIInterfaceOrientationLandscapeLeft UIInterfaceOrientationLandscapeRight";
				LD_RUNPATH_SEARCH_PATHS = (
					"$(inherited)",
					"@executable_path/Frameworks",
				);
				MARKETING_VERSION = 1.0;
				PRODUCT_BUNDLE_IDENTIFIER = volos.inc.Hike;
				PRODUCT_NAME = "$(TARGET_NAME)";
				SWIFT_EMIT_LOC_STRINGS = YES;
				SWIFT_VERSION = 5.0;
				TARGETED_DEVICE_FAMILY = "1,2";
			};
			name = Debug;
		};
		4BB6923F2CF4E1D200F9FBE1 /* Release */ = {
			isa = XCBuildConfiguration;
			buildSettings = {
				ASSETCATALOG_COMPILER_APPICON_NAME = AppIcon;
				ASSETCATALOG_COMPILER_GLOBAL_ACCENT_COLOR_NAME = AccentColor;
				CODE_SIGN_STYLE = Automatic;
				CURRENT_PROJECT_VERSION = 1;
				DEVELOPMENT_ASSET_PATHS = "\"Hike/Preview Content\"";
				DEVELOPMENT_TEAM = QT3T249ZHN;
				ENABLE_PREVIEWS = YES;
				GENERATE_INFOPLIST_FILE = YES;
				INFOPLIST_KEY_UIApplicationSceneManifest_Generation = YES;
				INFOPLIST_KEY_UIApplicationSupportsIndirectInputEvents = YES;
				INFOPLIST_KEY_UILaunchScreen_Generation = YES;
				INFOPLIST_KEY_UISupportedInterfaceOrientations_iPad = "UIInterfaceOrientationPortrait UIInterfaceOrientationPortraitUpsideDown UIInterfaceOrientationLandscapeLeft UIInterfaceOrientationLandscapeRight";
				INFOPLIST_KEY_UISupportedInterfaceOrientations_iPhone = "UIInterfaceOrientationPortrait UIInterfaceOrientationLandscapeLeft UIInterfaceOrientationLandscapeRight";
				LD_RUNPATH_SEARCH_PATHS = (
					"$(inherited)",
					"@executable_path/Frameworks",
				);
				MARKETING_VERSION = 1.0;
				PRODUCT_BUNDLE_IDENTIFIER = volos.inc.Hike;
				PRODUCT_NAME = "$(TARGET_NAME)";
				SWIFT_EMIT_LOC_STRINGS = YES;
				SWIFT_VERSION = 5.0;
				TARGETED_DEVICE_FAMILY = "1,2";
			};
			name = Release;
		};
/* End XCBuildConfiguration section */

/* Begin XCConfigurationList section */
		4BB6922A2CF4E1D000F9FBE1 /* Build configuration list for PBXProject "Hike" */ = {
			isa = XCConfigurationList;
			buildConfigurations = (
				4BB6923B2CF4E1D200F9FBE1 /* Debug */,
				4BB6923C2CF4E1D200F9FBE1 /* Release */,
			);
			defaultConfigurationIsVisible = 0;
			defaultConfigurationName = Release;
		};
		4BB6923D2CF4E1D200F9FBE1 /* Build configuration list for PBXNativeTarget "Hike" */ = {
			isa = XCConfigurationList;
			buildConfigurations = (
				4BB6923E2CF4E1D200F9FBE1 /* Debug */,
				4BB6923F2CF4E1D200F9FBE1 /* Release */,
			);
			defaultConfigurationIsVisible = 0;
			defaultConfigurationName = Release;
		};
/* End XCConfigurationList section */
	};
	rootObject = 4BB692272CF4E1D000F9FBE1 /* Project object */;
}
